# This file is generated by running "yarn install" inside your project.
# Manual changes might be lost - proceed with caution!

__metadata:
  version: 5
  cacheKey: 8

"abbrev@npm:1":
  version: 1.1.1
  resolution: "abbrev@npm:1.1.1"
  checksum: a4a97ec07d7ea112c517036882b2ac22f3109b7b19077dc656316d07d308438aac28e4d9746dc4d84bf6b1e75b4a7b0a5f3cb30592419f128ca9a8cee3bcfa17
  languageName: node
  linkType: hard

"ansi-escapes@npm:^4.3.1":
  version: 4.3.2
  resolution: "ansi-escapes@npm:4.3.2"
  dependencies:
    type-fest: ^0.21.3
  checksum: 93111c42189c0a6bed9cdb4d7f2829548e943827ee8479c74d6e0b22ee127b2a21d3f8b5ca57723b8ef78ce011fbfc2784350eb2bde3ccfccf2f575fa8489815
  languageName: node
  linkType: hard

"ansi-regex@npm:^2.0.0":
  version: 2.1.1
  resolution: "ansi-regex@npm:2.1.1"
  checksum: 190abd03e4ff86794f338a31795d262c1dfe8c91f7e01d04f13f646f1dcb16c5800818f886047876f1272f065570ab86b24b99089f8b68a0e11ff19aed4ca8f1
  languageName: node
  linkType: hard

"ansi-regex@npm:^5.0.1":
  version: 5.0.1
  resolution: "ansi-regex@npm:5.0.1"
  checksum: 2aa4bb54caf2d622f1afdad09441695af2a83aa3fe8b8afa581d205e57ed4261c183c4d3877cee25794443fde5876417d859c108078ab788d6af7e4fe52eb66b
  languageName: node
  linkType: hard

"ansi-styles@npm:^2.2.1":
  version: 2.2.1
  resolution: "ansi-styles@npm:2.2.1"
  checksum: ebc0e00381f2a29000d1dac8466a640ce11943cef3bda3cd0020dc042e31e1058ab59bf6169cd794a54c3a7338a61ebc404b7c91e004092dd20e028c432c9c2c
  languageName: node
  linkType: hard

"ansi-styles@npm:^4.1.0":
  version: 4.3.0
  resolution: "ansi-styles@npm:4.3.0"
  dependencies:
    color-convert: ^2.0.1
  checksum: 513b44c3b2105dd14cc42a19271e80f386466c4be574bccf60b627432f9198571ebf4ab1e4c3ba17347658f4ee1711c163d574248c0c1cdc2d5917a0ad582ec4
  languageName: node
  linkType: hard

"ansi-term@npm:>=0.0.2":
  version: 0.0.2
  resolution: "ansi-term@npm:0.0.2"
  dependencies:
    x256: ">=0.0.1"
  checksum: 01123e07bdd8b25dac67ed5c7b374db629966dc57127eaedd708a18cbebab4e42abfb133d372609ae85dc45e2a71e16ea69c96236b61f11a2acff9ead743ba76
  languageName: node
  linkType: hard

"ansicolors@npm:~0.3.2":
  version: 0.3.2
  resolution: "ansicolors@npm:0.3.2"
  checksum: e84fae7ebc27ac96d9dbb57f35f078cd6dde1b7046b0f03f73dcefc9fbb1f2e82e3685d083466aded8faf038f9fa9ebb408d215282bcd7aaa301d5ac3c486815
  languageName: node
  linkType: hard

"blessed-contrib@npm:^4.10.1":
  version: 4.10.1
  resolution: "blessed-contrib@npm:4.10.1"
  dependencies:
    ansi-term: ">=0.0.2"
    chalk: ^1.1.0
    drawille-canvas-blessed-contrib: ">=0.1.3"
    lodash: ~>=4.17.21
    map-canvas: ">=0.1.5"
    marked: ^2.1.1
    marked-terminal: ^4.1.1
    memory-streams: ^0.1.0
    memorystream: ^0.3.1
    picture-tuber: ^1.0.1
    sparkline: ^0.1.1
    strip-ansi: ^3.0.0
    term-canvas: 0.0.5
    x256: ">=0.0.1"
  checksum: 26e6c72c30852d91eb4bbcebadfd26a543d987781ec26ef365f4dd8a2a55b120f72e3e477941af83b471d6ca5e2c373371f49ca5f76902d053e7b3f3923e5023
  languageName: node
  linkType: hard

"blessed@npm:^0.1.81":
  version: 0.1.81
  resolution: "blessed@npm:0.1.81"
  bin:
    blessed: ./bin/tput.js
  checksum: a8f96978cc8e3e5ac887c43df8523074ba4352b9a055d8b078c60ae1f9f62837c9eb620e5fc78ccbb005119167234fcf788915a16428c1c397a7fbf9f630b42c
  languageName: node
  linkType: hard

"bresenham@npm:0.0.3":
  version: 0.0.3
  resolution: "bresenham@npm:0.0.3"
  checksum: f40703d57d1587aa1b0923c016c5fa1fcc354c5b49cbb205e613c223b9e09a4dd80cd990c3cc112ae4ff6704195b0255f9d677c2e8b199545f058b396f52706c
  languageName: node
  linkType: hard

"buffers@npm:~0.1.1":
  version: 0.1.1
  resolution: "buffers@npm:0.1.1"
  checksum: ad6f8e483efab39cefd92bdc04edbff6805e4211b002f4d1cfb70c6c472a61cc89fb18c37bcdfdd4ee416ca096e9ff606286698a7d41a18b539bac12fd76d4d5
  languageName: node
  linkType: hard

"cardinal@npm:^2.1.1":
  version: 2.1.1
  resolution: "cardinal@npm:2.1.1"
  dependencies:
    ansicolors: ~0.3.2
    redeyed: ~2.1.0
  bin:
    cdl: ./bin/cdl.js
  checksum: e8d4ae46439cf8fed481c0efd267711ee91e199aa7821a9143e784ed94a6495accd01a0b36d84d377e8ee2cc9928a6c9c123b03be761c60b805f2c026b8a99ad
  languageName: node
  linkType: hard

"chalk@npm:^1.1.0":
  version: 1.1.3
  resolution: "chalk@npm:1.1.3"
  dependencies:
    ansi-styles: ^2.2.1
    escape-string-regexp: ^1.0.2
    has-ansi: ^2.0.0
    strip-ansi: ^3.0.0
    supports-color: ^2.0.0
  checksum: 9d2ea6b98fc2b7878829eec223abcf404622db6c48396a9b9257f6d0ead2acf18231ae368d6a664a83f272b0679158da12e97b5229f794939e555cc574478acd
  languageName: node
  linkType: hard

"chalk@npm:^4.1.0":
  version: 4.1.2
  resolution: "chalk@npm:4.1.2"
  dependencies:
    ansi-styles: ^4.1.0
    supports-color: ^7.1.0
  checksum: fe75c9d5c76a7a98d45495b91b2172fa3b7a09e0cc9370e5c8feb1c567b85c4288e2b3fded7cfdd7359ac28d6b3844feb8b82b8686842e93d23c827c417e83fc
  languageName: node
  linkType: hard

"charm@npm:~0.1.0":
  version: 0.1.2
  resolution: "charm@npm:0.1.2"
  checksum: fe64983d7a87e7dacf225bd1fc10d34554110e128d3f3b8a91cfefb370b92211d0f1f7a9ff43df3ccfcb81d7f91525750b998519ab6b8e3c9dd249a3529ad783
  languageName: node
  linkType: hard

"cli-table3@npm:^0.6.0":
  version: 0.6.0
  resolution: "cli-table3@npm:0.6.0"
  dependencies:
    colors: ^1.1.2
    object-assign: ^4.1.0
    string-width: ^4.2.0
  dependenciesMeta:
    colors:
      optional: true
  checksum: 98682a2d3eef5ad07d34a08f90398d0640004e28ecf8eb59006436f11ed7b4d453db09f46c2ea880618fbd61fee66321b3b3ee1b20276bc708b6baf6f9663d75
  languageName: node
  linkType: hard

"color-convert@npm:^2.0.1":
  version: 2.0.1
  resolution: "color-convert@npm:2.0.1"
  dependencies:
    color-name: ~1.1.4
  checksum: 79e6bdb9fd479a205c71d89574fccfb22bd9053bd98c6c4d870d65c132e5e904e6034978e55b43d69fcaa7433af2016ee203ce76eeba9cfa554b373e7f7db336
  languageName: node
  linkType: hard

"color-name@npm:~1.1.4":
  version: 1.1.4
  resolution: "color-name@npm:1.1.4"
  checksum: b0445859521eb4021cd0fb0cc1a75cecf67fceecae89b63f62b201cca8d345baf8b952c966862a9d9a2632987d4f6581f0ec8d957dfacece86f0a7919316f610
  languageName: node
  linkType: hard

"colors@npm:^1.1.2":
  version: 1.4.0
  resolution: "colors@npm:1.4.0"
  checksum: 98aa2c2418ad87dedf25d781be69dc5fc5908e279d9d30c34d8b702e586a0474605b3a189511482b9d5ed0d20c867515d22749537f7bc546256c6014f3ebdcec
  languageName: node
  linkType: hard

"core-util-is@npm:~1.0.0":
  version: 1.0.3
  resolution: "core-util-is@npm:1.0.3"
  checksum: 9de8597363a8e9b9952491ebe18167e3b36e7707569eed0ebf14f8bba773611376466ae34575bca8cfe3c767890c859c74056084738f09d4e4a6f902b2ad7d99
  languageName: node
  linkType: hard

"drawille-blessed-contrib@npm:>=0.0.1":
  version: 1.0.0
  resolution: "drawille-blessed-contrib@npm:1.0.0"
  checksum: 824f2c78ea588d8b11ccc302a9855e53182b1d9f9695dc07ffab845e832fbfc3253ca996c5dcc10e671bbed9715f2daaf179ccba8860c8df2b10c4ae83ec2ddc
  languageName: node
  linkType: hard

"drawille-canvas-blessed-contrib@npm:>=0.0.1, drawille-canvas-blessed-contrib@npm:>=0.1.3":
  version: 0.1.3
  resolution: "drawille-canvas-blessed-contrib@npm:0.1.3"
  dependencies:
    ansi-term: ">=0.0.2"
    bresenham: 0.0.3
    drawille-blessed-contrib: ">=0.0.1"
    gl-matrix: ^2.1.0
    x256: ">=0.0.1"
  checksum: 953416dc624185ed05a63ea2716010236828f964cc862578029d3e16b3a4b14e3018153f802c7b9f596957b307aa3c2ad190f64a00e7ff74f1c4b84d095864a7
  languageName: node
  linkType: hard

"emoji-regex@npm:^8.0.0":
  version: 8.0.0
  resolution: "emoji-regex@npm:8.0.0"
  checksum: d4c5c39d5a9868b5fa152f00cada8a936868fd3367f33f71be515ecee4c803132d11b31a6222b2571b1e5f7e13890156a94880345594d0ce7e3c9895f560f192
  languageName: node
  linkType: hard

"escape-string-regexp@npm:^1.0.2":
  version: 1.0.5
  resolution: "escape-string-regexp@npm:1.0.5"
  checksum: 6092fda75c63b110c706b6a9bfde8a612ad595b628f0bd2147eea1d3406723020810e591effc7db1da91d80a71a737a313567c5abb3813e8d9c71f4aa595b410
  languageName: node
  linkType: hard

"esprima@npm:~4.0.0":
  version: 4.0.1
  resolution: "esprima@npm:4.0.1"
  bin:
    esparse: ./bin/esparse.js
    esvalidate: ./bin/esvalidate.js
  checksum: b45bc805a613dbea2835278c306b91aff6173c8d034223fa81498c77dcbce3b2931bf6006db816f62eacd9fd4ea975dfd85a5b7f3c6402cfd050d4ca3c13a628
  languageName: node
  linkType: hard

"event-stream@npm:~0.9.8":
  version: 0.9.8
  resolution: "event-stream@npm:0.9.8"
  dependencies:
    optimist: 0.2
  checksum: 526b7f0365377727357b03b677a55a7177c1a2138121b293d0b864889a67f470d8317d6979993b1a0c79ace1a24b453d0a5763f60c528768bb2437b6010be229
  languageName: node
  linkType: hard

"gl-matrix@npm:^2.1.0":
  version: 2.8.1
  resolution: "gl-matrix@npm:2.8.1"
  checksum: 20d13fd428ea3021d625781e025132ff8ec264f4c05310bda9ad859535ab32fb505323486d2d5c51b5f715c2a9d059da588b66e8e2afdafdf1acc4f45629b7ff
  languageName: node
  linkType: hard

"has-ansi@npm:^2.0.0":
  version: 2.0.0
  resolution: "has-ansi@npm:2.0.0"
  dependencies:
    ansi-regex: ^2.0.0
  checksum: 1b51daa0214440db171ff359d0a2d17bc20061164c57e76234f614c91dbd2a79ddd68dfc8ee73629366f7be45a6df5f2ea9de83f52e1ca24433f2cc78c35d8ec
  languageName: node
  linkType: hard

"has-flag@npm:^4.0.0":
  version: 4.0.0
  resolution: "has-flag@npm:4.0.0"
  checksum: 261a1357037ead75e338156b1f9452c016a37dcd3283a972a30d9e4a87441ba372c8b81f818cd0fbcd9c0354b4ae7e18b9e1afa1971164aef6d18c2b6095a8ad
  languageName: node
  linkType: hard

"here@npm:0.0.2":
  version: 0.0.2
  resolution: "here@npm:0.0.2"
  checksum: 73531438cfe6919a12d350fdaa356d18b8ed6479a4bdeaa05d7fb91dafd9ff52d0c4bd41eb28c92bf27631da1f52f7c7c7a75263600686983f2c4b9d06833d60
  languageName: node
  linkType: hard

"inherits@npm:~2.0.1":
  version: 2.0.4
  resolution: "inherits@npm:2.0.4"
  checksum: 4a48a733847879d6cf6691860a6b1e3f0f4754176e4d71494c41f3475553768b10f84b5ce1d40fbd0e34e6bfbb864ee35858ad4dd2cf31e02fc4a154b724d7f1
  languageName: node
  linkType: hard

"is-fullwidth-code-point@npm:^3.0.0":
  version: 3.0.0
  resolution: "is-fullwidth-code-point@npm:3.0.0"
  checksum: 44a30c29457c7fb8f00297bce733f0a64cd22eca270f83e58c105e0d015e45c019491a4ab2faef91ab51d4738c670daff901c799f6a700e27f7314029e99e348
  languageName: node
  linkType: hard

"isarray@npm:0.0.1":
  version: 0.0.1
  resolution: "isarray@npm:0.0.1"
  checksum: 49191f1425681df4a18c2f0f93db3adb85573bcdd6a4482539d98eac9e705d8961317b01175627e860516a2fc45f8f9302db26e5a380a97a520e272e2a40a8d4
  languageName: node
  linkType: hard

"lodash@npm:^4.17.21, lodash@npm:~>=4.17.21":
  version: 4.17.21
  resolution: "lodash@npm:4.17.21"
  checksum: eb835a2e51d381e561e508ce932ea50a8e5a68f4ebdd771ea240d3048244a8d13658acbd502cd4829768c56f2e16bdd4340b9ea141297d472517b83868e677f7
  languageName: node
  linkType: hard

"map-canvas@npm:>=0.1.5":
  version: 0.1.5
  resolution: "map-canvas@npm:0.1.5"
  dependencies:
    drawille-canvas-blessed-contrib: ">=0.0.1"
    xml2js: ^0.4.5
  checksum: 95f006e722a1de3e7639797db311ca7587d10fb2503c887151ee7d409bd0650b1250af449d2e943cb4444c4a24ccf50f92ccf5babbf7d7b2a99363b7e5d135ac
  languageName: node
  linkType: hard

"marked-terminal@npm:^4.1.1":
  version: 4.2.0
  resolution: "marked-terminal@npm:4.2.0"
  dependencies:
    ansi-escapes: ^4.3.1
    cardinal: ^2.1.1
    chalk: ^4.1.0
    cli-table3: ^0.6.0
    node-emoji: ^1.10.0
    supports-hyperlinks: ^2.1.0
  peerDependencies:
    marked: ^1.0.0 || ^2.0.0
  checksum: a68a4cfd22b42f990a82e3234c68006ab4d1285a4a9bdd162f597740d9a55275c10c78ca21fa3927a76b2197589fe382e33af9baa2ccb2153812986c15aa73b8
  languageName: node
  linkType: hard

"marked@npm:^2.1.1":
  version: 2.1.3
  resolution: "marked@npm:2.1.3"
  bin:
    marked: bin/marked
  checksum: 21a5ecd4941bc760aba21dfd97185853ec3b464cf707ad971e3ddb3aeb2f44d0deeb36b0889932afdb6f734975a994d92f18815dd0fabadbd902bdaff997cc5b
  languageName: node
  linkType: hard

"memory-streams@npm:^0.1.0":
  version: 0.1.3
  resolution: "memory-streams@npm:0.1.3"
  dependencies:
    readable-stream: ~1.0.2
  checksum: aebb6dc54c35ff8e7fcbbffc736ae95938d9bb7ed66735b693ed18743fcc6268f64eaa80b2580a49c3c73ddc00cd880d5847f318997affe6d2a46b75365715f8
  languageName: node
  linkType: hard

"memorystream@npm:^0.3.1":
  version: 0.3.1
  resolution: "memorystream@npm:0.3.1"
  checksum: f18b42440d24d09516d01466c06adf797df7873f0d40aa7db02e5fb9ed83074e5e65412d0720901d7069363465f82dc4f8bcb44f0cde271567a61426ce6ca2e9
  languageName: node
  linkType: hard

"node-emoji@npm:^1.10.0":
  version: 1.11.0
  resolution: "node-emoji@npm:1.11.0"
  dependencies:
    lodash: ^4.17.21
  checksum: e8c856c04a1645062112a72e59a98b203505ed5111ff84a3a5f40611afa229b578c7d50f1e6a7f17aa62baeea4a640d2e2f61f63afc05423aa267af10977fb2b
  languageName: node
  linkType: hard

"nopt@npm:~2.1.2":
  version: 2.1.2
  resolution: "nopt@npm:2.1.2"
  dependencies:
    abbrev: 1
  bin:
    nopt: ./bin/nopt.js
  checksum: eb7bf965c0117d537f1859b5da1d33cf3d48c63fa4c7f95ed1356fa07323ea5938878cf6bd511b7c6240c21a3b3f079066398c1d26dd9e2eb6235d0963013b7f
  languageName: node
  linkType: hard

"object-assign@npm:^4.1.0":
  version: 4.1.1
  resolution: "object-assign@npm:4.1.1"
  checksum: fcc6e4ea8c7fe48abfbb552578b1c53e0d194086e2e6bbbf59e0a536381a292f39943c6e9628af05b5528aa5e3318bb30d6b2e53cadaf5b8fe9e12c4b69af23f
  languageName: node
  linkType: hard

"optimist@npm:0.2":
  version: 0.2.8
  resolution: "optimist@npm:0.2.8"
  dependencies:
    wordwrap: ">=0.0.1 <0.1.0"
  checksum: e43cbf95b9005f38bc6a47eeede5cecbac0617cb15405ca29aa79891d1ef31053936e8b596eaf0e0d5d40c24a57ea810c06b82daddcd3f949311ef4699e62eb3
  languageName: node
  linkType: hard

"optimist@npm:~0.3.4":
  version: 0.3.7
  resolution: "optimist@npm:0.3.7"
  dependencies:
    wordwrap: ~0.0.2
  checksum: adc02acb8b76d242e56714b47c8c96916b25a5ac2da7b9f735e1f946a970f266f71d53eff0b61d9582ef948301e94734f03b784fa7c309aed0fe7db403d22046
  languageName: node
  linkType: hard

"picture-tuber@npm:^1.0.1":
  version: 1.0.2
  resolution: "picture-tuber@npm:1.0.2"
  dependencies:
    buffers: ~0.1.1
    charm: ~0.1.0
    event-stream: ~0.9.8
    optimist: ~0.3.4
    png-js: ~0.1.0
    x256: ~0.0.1
  bin:
    picture-tube: bin/tube.js
  checksum: 309138d032b3f638af27091a526507ad725c64fc2cab3033dca1b9cb0f0ee7c89de3691ebb77198cc70f9b785990d7cb649db06bcd1d9c275861869c6d9b3fea
  languageName: node
  linkType: hard

"png-js@npm:~0.1.0":
  version: 0.1.1
  resolution: "png-js@npm:0.1.1"
  checksum: 755d025d5e0f02f82f07627a6bcf9c7d2bcdaeb5aa8372953a9cb515a84883b664439931ec1e397eb7d696920cc6c9e70afcedf90d3e889cd9163afab64c71f4
  languageName: node
  linkType: hard

"readable-stream@npm:~1.0.2":
  version: 1.0.34
  resolution: "readable-stream@npm:1.0.34"
  dependencies:
    core-util-is: ~1.0.0
    inherits: ~2.0.1
    isarray: 0.0.1
    string_decoder: ~0.10.x
  checksum: 85042c537e4f067daa1448a7e257a201070bfec3dd2706abdbd8ebc7f3418eb4d3ed4b8e5af63e2544d69f88ab09c28d5da3c0b77dc76185fddd189a59863b60
  languageName: node
  linkType: hard

"redeyed@npm:~2.1.0":
  version: 2.1.1
  resolution: "redeyed@npm:2.1.1"
  dependencies:
    esprima: ~4.0.0
  checksum: 39a1426e377727cfb47a0e24e95c1cf78d969fbc388dc1e0fa1e2ef8a8756450cefb8b0c2598f63b85f1a331986fca7604c0db798427a5775a1dbdb9c1291979
  languageName: node
  linkType: hard

"sax@npm:>=0.6.0":
  version: 1.2.4
  resolution: "sax@npm:1.2.4"
  checksum: d3df7d32b897a2c2f28e941f732c71ba90e27c24f62ee918bd4d9a8cfb3553f2f81e5493c7f0be94a11c1911b643a9108f231dd6f60df3fa9586b5d2e3e9e1fe
  languageName: node
  linkType: hard

"sparkline@npm:^0.1.1":
  version: 0.1.2
  resolution: "sparkline@npm:0.1.2"
  dependencies:
    here: 0.0.2
    nopt: ~2.1.2
  bin:
    sparkline: bin/sparkline
  checksum: 7fab1c94ca2aaa036aa213784df6431a5876cfe5eb9f3442407bc0086aa9e146e89437c39c530d7c408fc0c368b294c135d8c884a716039b53bbb617917f876c
  languageName: node
  linkType: hard

"string-width@npm:^4.2.0":
  version: 4.2.3
  resolution: "string-width@npm:4.2.3"
  dependencies:
    emoji-regex: ^8.0.0
    is-fullwidth-code-point: ^3.0.0
    strip-ansi: ^6.0.1
  checksum: e52c10dc3fbfcd6c3a15f159f54a90024241d0f149cf8aed2982a2d801d2e64df0bf1dc351cf8e95c3319323f9f220c16e740b06faecd53e2462df1d2b5443fb
  languageName: node
  linkType: hard

"string_decoder@npm:~0.10.x":
  version: 0.10.31
  resolution: "string_decoder@npm:0.10.31"
  checksum: fe00f8e303647e5db919948ccb5ce0da7dea209ab54702894dd0c664edd98e5d4df4b80d6fabf7b9e92b237359d21136c95bf068b2f7760b772ca974ba970202
  languageName: node
  linkType: hard

"strip-ansi@npm:^3.0.0":
  version: 3.0.1
  resolution: "strip-ansi@npm:3.0.1"
  dependencies:
    ansi-regex: ^2.0.0
  checksum: 9b974de611ce5075c70629c00fa98c46144043db92ae17748fb780f706f7a789e9989fd10597b7c2053ae8d1513fd707816a91f1879b2f71e6ac0b6a863db465
  languageName: node
  linkType: hard

"strip-ansi@npm:^6.0.1":
  version: 6.0.1
  resolution: "strip-ansi@npm:6.0.1"
  dependencies:
    ansi-regex: ^5.0.1
  checksum: f3cd25890aef3ba6e1a74e20896c21a46f482e93df4a06567cebf2b57edabb15133f1f94e57434e0a958d61186087b1008e89c94875d019910a213181a14fc8c
  languageName: node
  linkType: hard

"supports-color@npm:^2.0.0":
  version: 2.0.0
  resolution: "supports-color@npm:2.0.0"
  checksum: 602538c5812b9006404370b5a4b885d3e2a1f6567d314f8b4a41974ffe7d08e525bf92ae0f9c7030e3b4c78e4e34ace55d6a67a74f1571bc205959f5972f88f0
  languageName: node
  linkType: hard

"supports-color@npm:^7.0.0, supports-color@npm:^7.1.0":
  version: 7.2.0
  resolution: "supports-color@npm:7.2.0"
  dependencies:
    has-flag: ^4.0.0
  checksum: 3dda818de06ebbe5b9653e07842d9479f3555ebc77e9a0280caf5a14fb877ffee9ed57007c3b78f5a6324b8dbeec648d9e97a24e2ed9fdb81ddc69ea07100f4a
  languageName: node
  linkType: hard

"supports-hyperlinks@npm:^2.1.0":
  version: 2.2.0
  resolution: "supports-hyperlinks@npm:2.2.0"
  dependencies:
    has-flag: ^4.0.0
    supports-color: ^7.0.0
  checksum: aef04fb41f4a67f1bc128f7c3e88a81b6cf2794c800fccf137006efe5bafde281da3e42e72bf9206c2fcf42e6438f37e3a820a389214d0a88613ca1f2d36076a
  languageName: node
  linkType: hard

"term-canvas@npm:0.0.5":
  version: 0.0.5
  resolution: "term-canvas@npm:0.0.5"
  checksum: 36408f75257e8ae8d79c075c04e0b0367a89da5868f8bdc534bef6d4f1f6ca1492bb17a4f9b7c7c9ecfe8a415e3806d27b0be511696a1a99de10c3f9b72ca80c
  languageName: node
  linkType: hard

"type-fest@npm:^0.21.3":
  version: 0.21.3
  resolution: "type-fest@npm:0.21.3"
  checksum: e6b32a3b3877f04339bae01c193b273c62ba7bfc9e325b8703c4ee1b32dc8fe4ef5dfa54bf78265e069f7667d058e360ae0f37be5af9f153b22382cd55a9afe0
  languageName: node
  linkType: hard

"untitled_unnamed_project@workspace:.":
  version: 0.0.0-use.local
  resolution: "untitled_unnamed_project@workspace:."
  dependencies:
    blessed: ^0.1.81
    blessed-contrib: ^4.10.1
  languageName: unknown
  linkType: soft

"wordwrap@npm:>=0.0.1 <0.1.0, wordwrap@npm:~0.0.2":
  version: 0.0.3
  resolution: "wordwrap@npm:0.0.3"
  checksum: dfc2d3512e857ae4b3bc2e8d4e5d2c285c28a4b87cd1d81c977ce9a1a99152d355807e046851a3d61148f39d877fbb889352e07b65a9cbdd2256aa928e159026
  languageName: node
  linkType: hard

"x256@npm:>=0.0.1, x256@npm:~0.0.1":
  version: 0.0.2
  resolution: "x256@npm:0.0.2"
  checksum: 891a67c4f946f6aa95902e8ebbdafd54ab8fb5851b96fb7b303206a0400cad9e8ea4bc920ef91e98ec7e3af9c1cd8cc6fa205f9a0f0f4e619dcd82f1c1e38447
  languageName: node
  linkType: hard

"xml2js@npm:^0.4.5":
  version: 0.4.23
  resolution: "xml2js@npm:0.4.23"
  dependencies:
    sax: ">=0.6.0"
    xmlbuilder: ~11.0.0
  checksum: ca0cf2dfbf6deeaae878a891c8fbc0db6fd04398087084edf143cdc83d0509ad0fe199b890f62f39c4415cf60268a27a6aed0d343f0658f8779bd7add690fa98
  languageName: node
  linkType: hard

"xmlbuilder@npm:~11.0.0":
  version: 11.0.1
  resolution: "xmlbuilder@npm:11.0.1"
  checksum: 7152695e16f1a9976658215abab27e55d08b1b97bca901d58b048d2b6e106b5af31efccbdecf9b07af37c8377d8e7e821b494af10b3a68b0ff4ae60331b415b0
  languageName: node
  linkType: hard
