# This file is generated by running "yarn install" inside your project.
# Manual changes might be lost - proceed with caution!

__metadata:
  version: 5
  cacheKey: 8

"blessed@npm:^0.1.81":
  version: 0.1.81
  resolution: "blessed@npm:0.1.81"
  bin:
    blessed: ./bin/tput.js
  checksum: a8f96978cc8e3e5ac887c43df8523074ba4352b9a055d8b078c60ae1f9f62837c9eb620e5fc78ccbb005119167234fcf788915a16428c1c397a7fbf9f630b42c
  languageName: node
  linkType: hard

"untitled_unnamed_project@workspace:.":
  version: 0.0.0-use.local
  resolution: "untitled_unnamed_project@workspace:."
  dependencies:
    blessed: ^0.1.81
  languageName: unknown
  linkType: soft
